
Microsoft Visual Studio Solution File, Format Version 12.00
# Visual Studio Version 17
VisualStudioVersion = 17.7.34009.444
MinimumVisualStudioVersion = 10.0.40219.1
Project("{FAE04EC0-301F-11D3-BF4B-00C04F79EFBC}") = "TicketingSystemWebApi", "TicketingSystemWebApi.csproj", "{A46EACB8-7529-46CC-B1E3-D4D4BDA103FB}"
EndProject
Project("{9A19103F-16F7-4668-BE54-9A1E7A4F7556}") = "TicketingSystemModel", "..\TicketingSystemModel\TicketingSystemModel.csproj", "{A10634DE-B603-4E9F-AB9A-CC8919243C0E}"
EndProject
Global
	GlobalSection(SolutionConfigurationPlatforms) = preSolution
		Debug|Any CPU = Debug|Any CPU
		Release|Any CPU = Release|Any CPU
	EndGlobalSection
	GlobalSection(ProjectConfigurationPlatforms) = postSolution
		{A46EACB8-7529-46CC-B1E3-D4D4BDA103FB}.Debug|Any CPU.ActiveCfg = Debug|Any CPU
		{A46EACB8-7529-46CC-B1E3-D4D4BDA103FB}.Debug|Any CPU.Build.0 = Debug|Any CPU
		{A46EACB8-7529-46CC-B1E3-D4D4BDA103FB}.Release|Any CPU.ActiveCfg = Release|Any CPU
		{A46EACB8-7529-46CC-B1E3-D4D4BDA103FB}.Release|Any CPU.Build.0 = Release|Any CPU
		{A10634DE-B603-4E9F-AB9A-CC8919243C0E}.Debug|Any CPU.ActiveCfg = Debug|Any CPU
		{A10634DE-B603-4E9F-AB9A-CC8919243C0E}.Debug|Any CPU.Build.0 = Debug|Any CPU
		{A10634DE-B603-4E9F-AB9A-CC8919243C0E}.Release|Any CPU.ActiveCfg = Release|Any CPU
		{A10634DE-B603-4E9F-AB9A-CC8919243C0E}.Release|Any CPU.Build.0 = Release|Any CPU
	EndGlobalSection
	GlobalSection(SolutionProperties) = preSolution
		HideSolutionNode = FALSE
	EndGlobalSection
	GlobalSection(ExtensibilityGlobals) = postSolution
		SolutionGuid = {E56AA0AD-5432-4C0B-A968-BD53E3D599AC}
	EndGlobalSection
EndGlobal
